// !$*UTF8*$!
{
	archiveVersion = 1;
	classes = {
	};
	objectVersion = 56;
	objects = {

/* Begin PBXBuildFile section */
		CE0426B62B3D86D000B97CBB /* Double.swift in Sources */ = {isa = PBXBuildFile; fileRef = CE0426B52B3D86D000B97CBB /* Double.swift */; };
		CE1350022B41550300E2C6A1 /* NetworkingManager.swift in Sources */ = {isa = PBXBuildFile; fileRef = CE1350012B41550300E2C6A1 /* NetworkingManager.swift */; };
		CE1350052B415E1400E2C6A1 /* CoinImageView.swift in Sources */ = {isa = PBXBuildFile; fileRef = CE1350042B415E1400E2C6A1 /* CoinImageView.swift */; };
		CE1350072B415E3000E2C6A1 /* CoinImageViewModel.swift in Sources */ = {isa = PBXBuildFile; fileRef = CE1350062B415E3000E2C6A1 /* CoinImageViewModel.swift */; };
		CE1350092B415E4200E2C6A1 /* CoinImageService.swift in Sources */ = {isa = PBXBuildFile; fileRef = CE1350082B415E4200E2C6A1 /* CoinImageService.swift */; };
		CE2C6ABA2B3EAEF7009013B7 /* HomeViewModel.swift in Sources */ = {isa = PBXBuildFile; fileRef = CE2C6AB92B3EAEF7009013B7 /* HomeViewModel.swift */; };
		CE2C6ABD2B3EB918009013B7 /* CoinDataService.swift in Sources */ = {isa = PBXBuildFile; fileRef = CE2C6ABC2B3EB918009013B7 /* CoinDataService.swift */; };
		CE422C612B44039200CAD333 /* StatisticModel.swift in Sources */ = {isa = PBXBuildFile; fileRef = CE422C602B44039200CAD333 /* StatisticModel.swift */; };
		CE422C632B4403A700CAD333 /* StatisticView.swift in Sources */ = {isa = PBXBuildFile; fileRef = CE422C622B4403A700CAD333 /* StatisticView.swift */; };
		CE422C652B44068300CAD333 /* HomeStatsView.swift in Sources */ = {isa = PBXBuildFile; fileRef = CE422C642B44068300CAD333 /* HomeStatsView.swift */; };
		CE422C672B4417E900CAD333 /* MarketDataModel.swift in Sources */ = {isa = PBXBuildFile; fileRef = CE422C662B4417E900CAD333 /* MarketDataModel.swift */; };
		CE422C692B441E7E00CAD333 /* MarketDataService.swift in Sources */ = {isa = PBXBuildFile; fileRef = CE422C682B441E7E00CAD333 /* MarketDataService.swift */; };
		CE56D3722B3C2A670089D1E8 /* CryptoTrackerApp.swift in Sources */ = {isa = PBXBuildFile; fileRef = CE56D3712B3C2A670089D1E8 /* CryptoTrackerApp.swift */; };
		CE56D3742B3C2A670089D1E8 /* ContentView.swift in Sources */ = {isa = PBXBuildFile; fileRef = CE56D3732B3C2A670089D1E8 /* ContentView.swift */; };
		CE56D3762B3C2A680089D1E8 /* Assets.xcassets in Resources */ = {isa = PBXBuildFile; fileRef = CE56D3752B3C2A680089D1E8 /* Assets.xcassets */; };
		CE56D37A2B3C2A680089D1E8 /* Preview Assets.xcassets in Resources */ = {isa = PBXBuildFile; fileRef = CE56D3792B3C2A680089D1E8 /* Preview Assets.xcassets */; };
		CE56D3882B3C34360089D1E8 /* HomeView.swift in Sources */ = {isa = PBXBuildFile; fileRef = CE56D3872B3C34360089D1E8 /* HomeView.swift */; };
		CE56D38C2B3C35B20089D1E8 /* CircleButtonView.swift in Sources */ = {isa = PBXBuildFile; fileRef = CE56D38B2B3C35B20089D1E8 /* CircleButtonView.swift */; };
		CE56D38E2B3C38710089D1E8 /* CircleButtonAnimationView.swift in Sources */ = {isa = PBXBuildFile; fileRef = CE56D38D2B3C38710089D1E8 /* CircleButtonAnimationView.swift */; };
		CE5F06092B3D6D57004B770C /* CoinModel.swift in Sources */ = {isa = PBXBuildFile; fileRef = CE5F06082B3D6D57004B770C /* CoinModel.swift */; };
		CEA2C70F2B42AA5400849603 /* SearchBarView.swift in Sources */ = {isa = PBXBuildFile; fileRef = CEA2C70E2B42AA5400849603 /* SearchBarView.swift */; };
		CEBDE4062B46BC3C00C62494 /* PortfolioContainer.xcdatamodeld in Sources */ = {isa = PBXBuildFile; fileRef = CEBDE4042B46BC3C00C62494 /* PortfolioContainer.xcdatamodeld */; };
		CEBDE4082B46BCA000C62494 /* PortfolioDataService.swift in Sources */ = {isa = PBXBuildFile; fileRef = CEBDE4072B46BCA000C62494 /* PortfolioDataService.swift */; };
		CEED7D762B3D81D200585C40 /* CoinRowView.swift in Sources */ = {isa = PBXBuildFile; fileRef = CEED7D752B3D81D200585C40 /* CoinRowView.swift */; };
		CEED7D792B3D821A00585C40 /* PreviewProvider.swift in Sources */ = {isa = PBXBuildFile; fileRef = CEED7D782B3D821A00585C40 /* PreviewProvider.swift */; };
		CEF5F3842B457B3E00CA0F30 /* PortfolioView.swift in Sources */ = {isa = PBXBuildFile; fileRef = CEF5F3832B457B3E00CA0F30 /* PortfolioView.swift */; };
		CEF5F3872B457C0500CA0F30 /* XmarkButtonView.swift in Sources */ = {isa = PBXBuildFile; fileRef = CEF5F3862B457C0500CA0F30 /* XmarkButtonView.swift */; };
		CEF5F3892B457EA200CA0F30 /* CoinLogoView.swift in Sources */ = {isa = PBXBuildFile; fileRef = CEF5F3882B457EA200CA0F30 /* CoinLogoView.swift */; };
		CEFBBCB52B41E1A1004FD623 /* LocalFileManager.swift in Sources */ = {isa = PBXBuildFile; fileRef = CEFBBCB42B41E1A1004FD623 /* LocalFileManager.swift */; };
/* End PBXBuildFile section */

/* Begin PBXFileReference section */
		CE0426B52B3D86D000B97CBB /* Double.swift */ = {isa = PBXFileReference; lastKnownFileType = sourcecode.swift; path = Double.swift; sourceTree = "<group>"; };
		CE1350012B41550300E2C6A1 /* NetworkingManager.swift */ = {isa = PBXFileReference; lastKnownFileType = sourcecode.swift; path = NetworkingManager.swift; sourceTree = "<group>"; };
		CE1350042B415E1400E2C6A1 /* CoinImageView.swift */ = {isa = PBXFileReference; lastKnownFileType = sourcecode.swift; path = CoinImageView.swift; sourceTree = "<group>"; };
		CE1350062B415E3000E2C6A1 /* CoinImageViewModel.swift */ = {isa = PBXFileReference; lastKnownFileType = sourcecode.swift; path = CoinImageViewModel.swift; sourceTree = "<group>"; };
		CE1350082B415E4200E2C6A1 /* CoinImageService.swift */ = {isa = PBXFileReference; lastKnownFileType = sourcecode.swift; path = CoinImageService.swift; sourceTree = "<group>"; };
		CE2C6AB92B3EAEF7009013B7 /* HomeViewModel.swift */ = {isa = PBXFileReference; lastKnownFileType = sourcecode.swift; path = HomeViewModel.swift; sourceTree = "<group>"; };
		CE2C6ABC2B3EB918009013B7 /* CoinDataService.swift */ = {isa = PBXFileReference; lastKnownFileType = sourcecode.swift; path = CoinDataService.swift; sourceTree = "<group>"; };
		CE422C602B44039200CAD333 /* StatisticModel.swift */ = {isa = PBXFileReference; lastKnownFileType = sourcecode.swift; path = StatisticModel.swift; sourceTree = "<group>"; };
		CE422C622B4403A700CAD333 /* StatisticView.swift */ = {isa = PBXFileReference; lastKnownFileType = sourcecode.swift; path = StatisticView.swift; sourceTree = "<group>"; };
		CE422C642B44068300CAD333 /* HomeStatsView.swift */ = {isa = PBXFileReference; lastKnownFileType = sourcecode.swift; path = HomeStatsView.swift; sourceTree = "<group>"; };
		CE422C662B4417E900CAD333 /* MarketDataModel.swift */ = {isa = PBXFileReference; lastKnownFileType = sourcecode.swift; path = MarketDataModel.swift; sourceTree = "<group>"; };
		CE422C682B441E7E00CAD333 /* MarketDataService.swift */ = {isa = PBXFileReference; lastKnownFileType = sourcecode.swift; path = MarketDataService.swift; sourceTree = "<group>"; };
		CE56D36E2B3C2A670089D1E8 /* CryptoTracker.app */ = {isa = PBXFileReference; explicitFileType = wrapper.application; includeInIndex = 0; path = CryptoTracker.app; sourceTree = BUILT_PRODUCTS_DIR; };
		CE56D3712B3C2A670089D1E8 /* CryptoTrackerApp.swift */ = {isa = PBXFileReference; lastKnownFileType = sourcecode.swift; path = CryptoTrackerApp.swift; sourceTree = "<group>"; };
		CE56D3732B3C2A670089D1E8 /* ContentView.swift */ = {isa = PBXFileReference; lastKnownFileType = sourcecode.swift; path = ContentView.swift; sourceTree = "<group>"; };
		CE56D3752B3C2A680089D1E8 /* Assets.xcassets */ = {isa = PBXFileReference; lastKnownFileType = folder.assetcatalog; path = Assets.xcassets; sourceTree = "<group>"; };
		CE56D3772B3C2A680089D1E8 /* CryptoTracker.entitlements */ = {isa = PBXFileReference; lastKnownFileType = text.plist.entitlements; path = CryptoTracker.entitlements; sourceTree = "<group>"; };
		CE56D3792B3C2A680089D1E8 /* Preview Assets.xcassets */ = {isa = PBXFileReference; lastKnownFileType = folder.assetcatalog; path = "Preview Assets.xcassets"; sourceTree = "<group>"; };
		CE56D3872B3C34360089D1E8 /* HomeView.swift */ = {isa = PBXFileReference; lastKnownFileType = sourcecode.swift; path = HomeView.swift; sourceTree = "<group>"; };
		CE56D38B2B3C35B20089D1E8 /* CircleButtonView.swift */ = {isa = PBXFileReference; lastKnownFileType = sourcecode.swift; path = CircleButtonView.swift; sourceTree = "<group>"; };
		CE56D38D2B3C38710089D1E8 /* CircleButtonAnimationView.swift */ = {isa = PBXFileReference; lastKnownFileType = sourcecode.swift; path = CircleButtonAnimationView.swift; sourceTree = "<group>"; };
		CE5F06082B3D6D57004B770C /* CoinModel.swift */ = {isa = PBXFileReference; lastKnownFileType = sourcecode.swift; path = CoinModel.swift; sourceTree = "<group>"; };
		CEA2C70E2B42AA5400849603 /* SearchBarView.swift */ = {isa = PBXFileReference; lastKnownFileType = sourcecode.swift; path = SearchBarView.swift; sourceTree = "<group>"; };
		CEBDE4052B46BC3C00C62494 /* PortfolioContainer.xcdatamodel */ = {isa = PBXFileReference; lastKnownFileType = wrapper.xcdatamodel; path = PortfolioContainer.xcdatamodel; sourceTree = "<group>"; };
		CEBDE4072B46BCA000C62494 /* PortfolioDataService.swift */ = {isa = PBXFileReference; lastKnownFileType = sourcecode.swift; path = PortfolioDataService.swift; sourceTree = "<group>"; };
		CEED7D752B3D81D200585C40 /* CoinRowView.swift */ = {isa = PBXFileReference; lastKnownFileType = sourcecode.swift; path = CoinRowView.swift; sourceTree = "<group>"; };
		CEED7D782B3D821A00585C40 /* PreviewProvider.swift */ = {isa = PBXFileReference; lastKnownFileType = sourcecode.swift; path = PreviewProvider.swift; sourceTree = "<group>"; };
		CEF5F3832B457B3E00CA0F30 /* PortfolioView.swift */ = {isa = PBXFileReference; lastKnownFileType = sourcecode.swift; path = PortfolioView.swift; sourceTree = "<group>"; };
		CEF5F3862B457C0500CA0F30 /* XmarkButtonView.swift */ = {isa = PBXFileReference; lastKnownFileType = sourcecode.swift; path = XmarkButtonView.swift; sourceTree = "<group>"; };
		CEF5F3882B457EA200CA0F30 /* CoinLogoView.swift */ = {isa = PBXFileReference; lastKnownFileType = sourcecode.swift; path = CoinLogoView.swift; sourceTree = "<group>"; };
		CEFBBCB42B41E1A1004FD623 /* LocalFileManager.swift */ = {isa = PBXFileReference; lastKnownFileType = sourcecode.swift; path = LocalFileManager.swift; sourceTree = "<group>"; };
/* End PBXFileReference section */

/* Begin PBXFrameworksBuildPhase section */
		CE56D36B2B3C2A670089D1E8 /* Frameworks */ = {
			isa = PBXFrameworksBuildPhase;
			buildActionMask = 2147483647;
			files = (
			);
			runOnlyForDeploymentPostprocessing = 0;
		};
/* End PBXFrameworksBuildPhase section */

/* Begin PBXGroup section */
		CE1350002B4154C900E2C6A1 /* Utilities */ = {
			isa = PBXGroup;
			children = (
				CE1350012B41550300E2C6A1 /* NetworkingManager.swift */,
				CEFBBCB42B41E1A1004FD623 /* LocalFileManager.swift */,
			);
			path = Utilities;
			sourceTree = "<group>";
		};
		CE1350032B415DFA00E2C6A1 /* CoinImage */ = {
			isa = PBXGroup;
			children = (
				CE1350062B415E3000E2C6A1 /* CoinImageViewModel.swift */,
				CE1350042B415E1400E2C6A1 /* CoinImageView.swift */,
				CEF5F3882B457EA200CA0F30 /* CoinLogoView.swift */,
			);
			path = CoinImage;
			sourceTree = "<group>";
		};
		CE2C6ABB2B3EB900009013B7 /* Services */ = {
			isa = PBXGroup;
			children = (
				CE2C6ABC2B3EB918009013B7 /* CoinDataService.swift */,
				CE422C682B441E7E00CAD333 /* MarketDataService.swift */,
				CE1350082B415E4200E2C6A1 /* CoinImageService.swift */,
				CEBDE4072B46BCA000C62494 /* PortfolioDataService.swift */,
			);
			path = Services;
			sourceTree = "<group>";
		};
		CE422C5D2B44035300CAD333 /* Statistic */ = {
			isa = PBXGroup;
			children = (
				CE422C622B4403A700CAD333 /* StatisticView.swift */,
			);
			path = Statistic;
			sourceTree = "<group>";
		};
		CE56D3652B3C2A670089D1E8 = {
			isa = PBXGroup;
			children = (
				CE56D3702B3C2A670089D1E8 /* CryptoTracker */,
				CE56D36F2B3C2A670089D1E8 /* Products */,
			);
			sourceTree = "<group>";
		};
		CE56D36F2B3C2A670089D1E8 /* Products */ = {
			isa = PBXGroup;
			children = (
				CE56D36E2B3C2A670089D1E8 /* CryptoTracker.app */,
			);
			name = Products;
			sourceTree = "<group>";
		};
		CE56D3702B3C2A670089D1E8 /* CryptoTracker */ = {
			isa = PBXGroup;
			children = (
				CE56D3712B3C2A670089D1E8 /* CryptoTrackerApp.swift */,
				CE56D3732B3C2A670089D1E8 /* ContentView.swift */,
				CEED7D772B3D81FC00585C40 /* Extensions */,
				CE1350002B4154C900E2C6A1 /* Utilities */,
				CE2C6ABB2B3EB900009013B7 /* Services */,
				CE5F06072B3D6D0A004B770C /* Models */,
				CE56D3832B3C34010089D1E8 /* Core */,
				CE56D3752B3C2A680089D1E8 /* Assets.xcassets */,
				CE56D3772B3C2A680089D1E8 /* CryptoTracker.entitlements */,
				CE56D3782B3C2A680089D1E8 /* Preview Content */,
			);
			path = CryptoTracker;
			sourceTree = "<group>";
		};
		CE56D3782B3C2A680089D1E8 /* Preview Content */ = {
			isa = PBXGroup;
			children = (
				CE56D3792B3C2A680089D1E8 /* Preview Assets.xcassets */,
			);
			path = "Preview Content";
			sourceTree = "<group>";
		};
		CE56D3832B3C34010089D1E8 /* Core */ = {
			isa = PBXGroup;
			children = (
				CE56D3892B3C35970089D1E8 /* Components */,
				CE56D3842B3C34110089D1E8 /* Home */,
			);
			path = Core;
			sourceTree = "<group>";
		};
		CE56D3842B3C34110089D1E8 /* Home */ = {
			isa = PBXGroup;
			children = (
				CE56D3852B3C34150089D1E8 /* ViewModels */,
				CE56D3862B3C341F0089D1E8 /* Views */,
			);
			path = Home;
			sourceTree = "<group>";
		};
		CE56D3852B3C34150089D1E8 /* ViewModels */ = {
			isa = PBXGroup;
			children = (
				CE2C6AB92B3EAEF7009013B7 /* HomeViewModel.swift */,
			);
			path = ViewModels;
			sourceTree = "<group>";
		};
		CE56D3862B3C341F0089D1E8 /* Views */ = {
			isa = PBXGroup;
			children = (
				CE56D3872B3C34360089D1E8 /* HomeView.swift */,
				CE422C642B44068300CAD333 /* HomeStatsView.swift */,
				CEED7D752B3D81D200585C40 /* CoinRowView.swift */,
				CEF5F3832B457B3E00CA0F30 /* PortfolioView.swift */,
			);
			path = Views;
			sourceTree = "<group>";
		};
		CE56D3892B3C35970089D1E8 /* Components */ = {
			isa = PBXGroup;
			children = (
				CE422C5D2B44035300CAD333 /* Statistic */,
				CEA2C70D2B42AA3F00849603 /* SearchBar */,
				CE1350032B415DFA00E2C6A1 /* CoinImage */,
				CE56D38A2B3C359E0089D1E8 /* CircleButton */,
				CEF5F3852B457BE600CA0F30 /* XmarkButton */,
			);
			path = Components;
			sourceTree = "<group>";
		};
		CE56D38A2B3C359E0089D1E8 /* CircleButton */ = {
			isa = PBXGroup;
			children = (
				CE56D38B2B3C35B20089D1E8 /* CircleButtonView.swift */,
				CE56D38D2B3C38710089D1E8 /* CircleButtonAnimationView.swift */,
			);
			path = CircleButton;
			sourceTree = "<group>";
		};
		CE5F06072B3D6D0A004B770C /* Models */ = {
			isa = PBXGroup;
			children = (
				CE5F06082B3D6D57004B770C /* CoinModel.swift */,
				CE422C602B44039200CAD333 /* StatisticModel.swift */,
				CE422C662B4417E900CAD333 /* MarketDataModel.swift */,
				CEBDE4042B46BC3C00C62494 /* PortfolioContainer.xcdatamodeld */,
			);
			path = Models;
			sourceTree = "<group>";
		};
		CEA2C70D2B42AA3F00849603 /* SearchBar */ = {
			isa = PBXGroup;
			children = (
				CEA2C70E2B42AA5400849603 /* SearchBarView.swift */,
			);
			path = SearchBar;
			sourceTree = "<group>";
		};
		CEED7D772B3D81FC00585C40 /* Extensions */ = {
			isa = PBXGroup;
			children = (
				CEED7D782B3D821A00585C40 /* PreviewProvider.swift */,
				CE0426B52B3D86D000B97CBB /* Double.swift */,
			);
			path = Extensions;
			sourceTree = "<group>";
		};
		CEF5F3852B457BE600CA0F30 /* XmarkButton */ = {
			isa = PBXGroup;
			children = (
				CEF5F3862B457C0500CA0F30 /* XmarkButtonView.swift */,
			);
			path = XmarkButton;
			sourceTree = "<group>";
		};
/* End PBXGroup section */

/* Begin PBXNativeTarget section */
		CE56D36D2B3C2A670089D1E8 /* CryptoTracker */ = {
			isa = PBXNativeTarget;
			buildConfigurationList = CE56D37D2B3C2A680089D1E8 /* Build configuration list for PBXNativeTarget "CryptoTracker" */;
			buildPhases = (
				CE56D36A2B3C2A670089D1E8 /* Sources */,
				CE56D36B2B3C2A670089D1E8 /* Frameworks */,
				CE56D36C2B3C2A670089D1E8 /* Resources */,
			);
			buildRules = (
			);
			dependencies = (
			);
			name = CryptoTracker;
			productName = CryptoTracker;
			productReference = CE56D36E2B3C2A670089D1E8 /* CryptoTracker.app */;
			productType = "com.apple.product-type.application";
		};
/* End PBXNativeTarget section */

/* Begin PBXProject section */
		CE56D3662B3C2A670089D1E8 /* Project object */ = {
			isa = PBXProject;
			attributes = {
				BuildIndependentTargetsInParallel = 1;
				LastSwiftUpdateCheck = 1510;
				LastUpgradeCheck = 1510;
				TargetAttributes = {
					CE56D36D2B3C2A670089D1E8 = {
						CreatedOnToolsVersion = 15.1;
					};
				};
			};
			buildConfigurationList = CE56D3692B3C2A670089D1E8 /* Build configuration list for PBXProject "CryptoTracker" */;
			compatibilityVersion = "Xcode 14.0";
			developmentRegion = en;
			hasScannedForEncodings = 0;
			knownRegions = (
				en,
				Base,
			);
			mainGroup = CE56D3652B3C2A670089D1E8;
			productRefGroup = CE56D36F2B3C2A670089D1E8 /* Products */;
			projectDirPath = "";
			projectRoot = "";
			targets = (
				CE56D36D2B3C2A670089D1E8 /* CryptoTracker */,
			);
		};
/* End PBXProject section */

/* Begin PBXResourcesBuildPhase section */
		CE56D36C2B3C2A670089D1E8 /* Resources */ = {
			isa = PBXResourcesBuildPhase;
			buildActionMask = 2147483647;
			files = (
				CE56D37A2B3C2A680089D1E8 /* Preview Assets.xcassets in Resources */,
				CE56D3762B3C2A680089D1E8 /* Assets.xcassets in Resources */,
			);
			runOnlyForDeploymentPostprocessing = 0;
		};
/* End PBXResourcesBuildPhase section */

/* Begin PBXSourcesBuildPhase section */
		CE56D36A2B3C2A670089D1E8 /* Sources */ = {
			isa = PBXSourcesBuildPhase;
			buildActionMask = 2147483647;
			files = (
				CE422C612B44039200CAD333 /* StatisticModel.swift in Sources */,
				CEBDE4082B46BCA000C62494 /* PortfolioDataService.swift in Sources */,
				CEF5F3892B457EA200CA0F30 /* CoinLogoView.swift in Sources */,
				CE1350052B415E1400E2C6A1 /* CoinImageView.swift in Sources */,
				CE56D3882B3C34360089D1E8 /* HomeView.swift in Sources */,
				CE56D3742B3C2A670089D1E8 /* ContentView.swift in Sources */,
				CE1350072B415E3000E2C6A1 /* CoinImageViewModel.swift in Sources */,
				CE56D38E2B3C38710089D1E8 /* CircleButtonAnimationView.swift in Sources */,
				CE2C6ABA2B3EAEF7009013B7 /* HomeViewModel.swift in Sources */,
				CE422C672B4417E900CAD333 /* MarketDataModel.swift in Sources */,
				CE56D38C2B3C35B20089D1E8 /* CircleButtonView.swift in Sources */,
				CEFBBCB52B41E1A1004FD623 /* LocalFileManager.swift in Sources */,
				CEF5F3872B457C0500CA0F30 /* XmarkButtonView.swift in Sources */,
				CE422C652B44068300CAD333 /* HomeStatsView.swift in Sources */,
				CE5F06092B3D6D57004B770C /* CoinModel.swift in Sources */,
				CEED7D792B3D821A00585C40 /* PreviewProvider.swift in Sources */,
				CEED7D762B3D81D200585C40 /* CoinRowView.swift in Sources */,
				CE0426B62B3D86D000B97CBB /* Double.swift in Sources */,
				CE422C632B4403A700CAD333 /* StatisticView.swift in Sources */,
				CEF5F3842B457B3E00CA0F30 /* PortfolioView.swift in Sources */,
				CE1350022B41550300E2C6A1 /* NetworkingManager.swift in Sources */,
				CE422C692B441E7E00CAD333 /* MarketDataService.swift in Sources */,
				CE56D3722B3C2A670089D1E8 /* CryptoTrackerApp.swift in Sources */,
				CEBDE4062B46BC3C00C62494 /* PortfolioContainer.xcdatamodeld in Sources */,
				CE1350092B415E4200E2C6A1 /* CoinImageService.swift in Sources */,
				CEA2C70F2B42AA5400849603 /* SearchBarView.swift in Sources */,
				CE2C6ABD2B3EB918009013B7 /* CoinDataService.swift in Sources */,
			);
			runOnlyForDeploymentPostprocessing = 0;
		};
/* End PBXSourcesBuildPhase section */

/* Begin XCBuildConfiguration section */
		CE56D37B2B3C2A680089D1E8 /* Debug */ = {
			isa = XCBuildConfiguration;
			buildSettings = {
				ALWAYS_SEARCH_USER_PATHS = NO;
				ASSETCATALOG_COMPILER_GENERATE_SWIFT_ASSET_SYMBOL_EXTENSIONS = YES;
				CLANG_ANALYZER_NONNULL = YES;
				CLANG_ANALYZER_NUMBER_OBJECT_CONVERSION = YES_AGGRESSIVE;
				CLANG_CXX_LANGUAGE_STANDARD = "gnu++20";
				CLANG_ENABLE_MODULES = YES;
				CLANG_ENABLE_OBJC_ARC = YES;
				CLANG_ENABLE_OBJC_WEAK = YES;
				CLANG_WARN_BLOCK_CAPTURE_AUTORELEASING = YES;
				CLANG_WARN_BOOL_CONVERSION = YES;
				CLANG_WARN_COMMA = YES;
				CLANG_WARN_CONSTANT_CONVERSION = YES;
				CLANG_WARN_DEPRECATED_OBJC_IMPLEMENTATIONS = YES;
				CLANG_WARN_DIRECT_OBJC_ISA_USAGE = YES_ERROR;
				CLANG_WARN_DOCUMENTATION_COMMENTS = YES;
				CLANG_WARN_EMPTY_BODY = YES;
				CLANG_WARN_ENUM_CONVERSION = YES;
				CLANG_WARN_INFINITE_RECURSION = YES;
				CLANG_WARN_INT_CONVERSION = YES;
				CLANG_WARN_NON_LITERAL_NULL_CONVERSION = YES;
				CLANG_WARN_OBJC_IMPLICIT_RETAIN_SELF = YES;
				CLANG_WARN_OBJC_LITERAL_CONVERSION = YES;
				CLANG_WARN_OBJC_ROOT_CLASS = YES_ERROR;
				CLANG_WARN_QUOTED_INCLUDE_IN_FRAMEWORK_HEADER = YES;
				CLANG_WARN_RANGE_LOOP_ANALYSIS = YES;
				CLANG_WARN_STRICT_PROTOTYPES = YES;
				CLANG_WARN_SUSPICIOUS_MOVE = YES;
				CLANG_WARN_UNGUARDED_AVAILABILITY = YES_AGGRESSIVE;
				CLANG_WARN_UNREACHABLE_CODE = YES;
				CLANG_WARN__DUPLICATE_METHOD_MATCH = YES;
				COPY_PHASE_STRIP = NO;
				DEBUG_INFORMATION_FORMAT = dwarf;
				ENABLE_STRICT_OBJC_MSGSEND = YES;
				ENABLE_TESTABILITY = YES;
				ENABLE_USER_SCRIPT_SANDBOXING = YES;
				GCC_C_LANGUAGE_STANDARD = gnu17;
				GCC_DYNAMIC_NO_PIC = NO;
				GCC_NO_COMMON_BLOCKS = YES;
				GCC_OPTIMIZATION_LEVEL = 0;
				GCC_PREPROCESSOR_DEFINITIONS = (
					"DEBUG=1",
					"$(inherited)",
				);
				GCC_WARN_64_TO_32_BIT_CONVERSION = YES;
				GCC_WARN_ABOUT_RETURN_TYPE = YES_ERROR;
				GCC_WARN_UNDECLARED_SELECTOR = YES;
				GCC_WARN_UNINITIALIZED_AUTOS = YES_AGGRESSIVE;
				GCC_WARN_UNUSED_FUNCTION = YES;
				GCC_WARN_UNUSED_VARIABLE = YES;
				LOCALIZATION_PREFERS_STRING_CATALOGS = YES;
				MTL_ENABLE_DEBUG_INFO = INCLUDE_SOURCE;
				MTL_FAST_MATH = YES;
				ONLY_ACTIVE_ARCH = YES;
				SWIFT_ACTIVE_COMPILATION_CONDITIONS = "DEBUG $(inherited)";
				SWIFT_OPTIMIZATION_LEVEL = "-Onone";
			};
			name = Debug;
		};
		CE56D37C2B3C2A680089D1E8 /* Release */ = {
			isa = XCBuildConfiguration;
			buildSettings = {
				ALWAYS_SEARCH_USER_PATHS = NO;
				ASSETCATALOG_COMPILER_GENERATE_SWIFT_ASSET_SYMBOL_EXTENSIONS = YES;
				CLANG_ANALYZER_NONNULL = YES;
				CLANG_ANALYZER_NUMBER_OBJECT_CONVERSION = YES_AGGRESSIVE;
				CLANG_CXX_LANGUAGE_STANDARD = "gnu++20";
				CLANG_ENABLE_MODULES = YES;
				CLANG_ENABLE_OBJC_ARC = YES;
				CLANG_ENABLE_OBJC_WEAK = YES;
				CLANG_WARN_BLOCK_CAPTURE_AUTORELEASING = YES;
				CLANG_WARN_BOOL_CONVERSION = YES;
				CLANG_WARN_COMMA = YES;
				CLANG_WARN_CONSTANT_CONVERSION = YES;
				CLANG_WARN_DEPRECATED_OBJC_IMPLEMENTATIONS = YES;
				CLANG_WARN_DIRECT_OBJC_ISA_USAGE = YES_ERROR;
				CLANG_WARN_DOCUMENTATION_COMMENTS = YES;
				CLANG_WARN_EMPTY_BODY = YES;
				CLANG_WARN_ENUM_CONVERSION = YES;
				CLANG_WARN_INFINITE_RECURSION = YES;
				CLANG_WARN_INT_CONVERSION = YES;
				CLANG_WARN_NON_LITERAL_NULL_CONVERSION = YES;
				CLANG_WARN_OBJC_IMPLICIT_RETAIN_SELF = YES;
				CLANG_WARN_OBJC_LITERAL_CONVERSION = YES;
				CLANG_WARN_OBJC_ROOT_CLASS = YES_ERROR;
				CLANG_WARN_QUOTED_INCLUDE_IN_FRAMEWORK_HEADER = YES;
				CLANG_WARN_RANGE_LOOP_ANALYSIS = YES;
				CLANG_WARN_STRICT_PROTOTYPES = YES;
				CLANG_WARN_SUSPICIOUS_MOVE = YES;
				CLANG_WARN_UNGUARDED_AVAILABILITY = YES_AGGRESSIVE;
				CLANG_WARN_UNREACHABLE_CODE = YES;
				CLANG_WARN__DUPLICATE_METHOD_MATCH = YES;
				COPY_PHASE_STRIP = NO;
				DEBUG_INFORMATION_FORMAT = "dwarf-with-dsym";
				ENABLE_NS_ASSERTIONS = NO;
				ENABLE_STRICT_OBJC_MSGSEND = YES;
				ENABLE_USER_SCRIPT_SANDBOXING = YES;
				GCC_C_LANGUAGE_STANDARD = gnu17;
				GCC_NO_COMMON_BLOCKS = YES;
				GCC_WARN_64_TO_32_BIT_CONVERSION = YES;
				GCC_WARN_ABOUT_RETURN_TYPE = YES_ERROR;
				GCC_WARN_UNDECLARED_SELECTOR = YES;
				GCC_WARN_UNINITIALIZED_AUTOS = YES_AGGRESSIVE;
				GCC_WARN_UNUSED_FUNCTION = YES;
				GCC_WARN_UNUSED_VARIABLE = YES;
				LOCALIZATION_PREFERS_STRING_CATALOGS = YES;
				MTL_ENABLE_DEBUG_INFO = NO;
				MTL_FAST_MATH = YES;
				SWIFT_COMPILATION_MODE = wholemodule;
			};
			name = Release;
		};
		CE56D37E2B3C2A680089D1E8 /* Debug */ = {
			isa = XCBuildConfiguration;
			buildSettings = {
				ASSETCATALOG_COMPILER_APPICON_NAME = AppIcon;
				ASSETCATALOG_COMPILER_GLOBAL_ACCENT_COLOR_NAME = AccentColor;
				CODE_SIGN_ENTITLEMENTS = CryptoTracker/CryptoTracker.entitlements;
				CODE_SIGN_STYLE = Automatic;
				CURRENT_PROJECT_VERSION = 1;
				DEVELOPMENT_ASSET_PATHS = "\"CryptoTracker/Preview Content\"";
				ENABLE_PREVIEWS = YES;
				GENERATE_INFOPLIST_FILE = YES;
				INFOPLIST_KEY_CFBundleDisplayName = CryptoTracker;
				"INFOPLIST_KEY_UIApplicationSceneManifest_Generation[sdk=iphoneos*]" = YES;
				"INFOPLIST_KEY_UIApplicationSceneManifest_Generation[sdk=iphonesimulator*]" = YES;
				"INFOPLIST_KEY_UIApplicationSupportsIndirectInputEvents[sdk=iphoneos*]" = YES;
				"INFOPLIST_KEY_UIApplicationSupportsIndirectInputEvents[sdk=iphonesimulator*]" = YES;
				"INFOPLIST_KEY_UILaunchScreen_Generation[sdk=iphoneos*]" = YES;
				"INFOPLIST_KEY_UILaunchScreen_Generation[sdk=iphonesimulator*]" = YES;
				"INFOPLIST_KEY_UIStatusBarStyle[sdk=iphoneos*]" = UIStatusBarStyleDefault;
				"INFOPLIST_KEY_UIStatusBarStyle[sdk=iphonesimulator*]" = UIStatusBarStyleDefault;
				INFOPLIST_KEY_UISupportedInterfaceOrientations = UIInterfaceOrientationPortrait;
				IPHONEOS_DEPLOYMENT_TARGET = 17.0;
				LD_RUNPATH_SEARCH_PATHS = "@executable_path/Frameworks";
				"LD_RUNPATH_SEARCH_PATHS[sdk=macosx*]" = "@executable_path/../Frameworks";
				MACOSX_DEPLOYMENT_TARGET = 14.2;
				MARKETING_VERSION = 1.0;
				PRODUCT_BUNDLE_IDENTIFIER = "Mykyta-Kuzminov.CryptoTracker";
				PRODUCT_NAME = "$(TARGET_NAME)";
				SDKROOT = auto;
				SUPPORTED_PLATFORMS = "iphoneos iphonesimulator macosx";
				SWIFT_EMIT_LOC_STRINGS = YES;
				SWIFT_VERSION = 5.0;
				TARGETED_DEVICE_FAMILY = "1,2";
			};
			name = Debug;
		};
		CE56D37F2B3C2A680089D1E8 /* Release */ = {
			isa = XCBuildConfiguration;
			buildSettings = {
				ASSETCATALOG_COMPILER_APPICON_NAME = AppIcon;
				ASSETCATALOG_COMPILER_GLOBAL_ACCENT_COLOR_NAME = AccentColor;
				CODE_SIGN_ENTITLEMENTS = CryptoTracker/CryptoTracker.entitlements;
				CODE_SIGN_STYLE = Automatic;
				CURRENT_PROJECT_VERSION = 1;
				DEVELOPMENT_ASSET_PATHS = "\"CryptoTracker/Preview Content\"";
				ENABLE_PREVIEWS = YES;
				GENERATE_INFOPLIST_FILE = YES;
				INFOPLIST_KEY_CFBundleDisplayName = CryptoTracker;
				"INFOPLIST_KEY_UIApplicationSceneManifest_Generation[sdk=iphoneos*]" = YES;
				"INFOPLIST_KEY_UIApplicationSceneManifest_Generation[sdk=iphonesimulator*]" = YES;
				"INFOPLIST_KEY_UIApplicationSupportsIndirectInputEvents[sdk=iphoneos*]" = YES;
				"INFOPLIST_KEY_UIApplicationSupportsIndirectInputEvents[sdk=iphonesimulator*]" = YES;
				"INFOPLIST_KEY_UILaunchScreen_Generation[sdk=iphoneos*]" = YES;
				"INFOPLIST_KEY_UILaunchScreen_Generation[sdk=iphonesimulator*]" = YES;
				"INFOPLIST_KEY_UIStatusBarStyle[sdk=iphoneos*]" = UIStatusBarStyleDefault;
				"INFOPLIST_KEY_UIStatusBarStyle[sdk=iphonesimulator*]" = UIStatusBarStyleDefault;
				INFOPLIST_KEY_UISupportedInterfaceOrientations = UIInterfaceOrientationPortrait;
				IPHONEOS_DEPLOYMENT_TARGET = 17.0;
				LD_RUNPATH_SEARCH_PATHS = "@executable_path/Frameworks";
				"LD_RUNPATH_SEARCH_PATHS[sdk=macosx*]" = "@executable_path/../Frameworks";
				MACOSX_DEPLOYMENT_TARGET = 14.2;
				MARKETING_VERSION = 1.0;
				PRODUCT_BUNDLE_IDENTIFIER = "Mykyta-Kuzminov.CryptoTracker";
				PRODUCT_NAME = "$(TARGET_NAME)";
				SDKROOT = auto;
				SUPPORTED_PLATFORMS = "iphoneos iphonesimulator macosx";
				SWIFT_EMIT_LOC_STRINGS = YES;
				SWIFT_VERSION = 5.0;
				TARGETED_DEVICE_FAMILY = "1,2";
			};
			name = Release;
		};
/* End XCBuildConfiguration section */

/* Begin XCConfigurationList section */
		CE56D3692B3C2A670089D1E8 /* Build configuration list for PBXProject "CryptoTracker" */ = {
			isa = XCConfigurationList;
			buildConfigurations = (
				CE56D37B2B3C2A680089D1E8 /* Debug */,
				CE56D37C2B3C2A680089D1E8 /* Release */,
			);
			defaultConfigurationIsVisible = 0;
			defaultConfigurationName = Release;
		};
		CE56D37D2B3C2A680089D1E8 /* Build configuration list for PBXNativeTarget "CryptoTracker" */ = {
			isa = XCConfigurationList;
			buildConfigurations = (
				CE56D37E2B3C2A680089D1E8 /* Debug */,
				CE56D37F2B3C2A680089D1E8 /* Release */,
			);
			defaultConfigurationIsVisible = 0;
			defaultConfigurationName = Release;
		};
/* End XCConfigurationList section */

/* Begin XCVersionGroup section */
		CEBDE4042B46BC3C00C62494 /* PortfolioContainer.xcdatamodeld */ = {
			isa = XCVersionGroup;
			children = (
				CEBDE4052B46BC3C00C62494 /* PortfolioContainer.xcdatamodel */,
			);
			currentVersion = CEBDE4052B46BC3C00C62494 /* PortfolioContainer.xcdatamodel */;
			path = PortfolioContainer.xcdatamodeld;
			sourceTree = "<group>";
			versionGroupType = wrapper.xcdatamodel;
		};
/* End XCVersionGroup section */
	};
	rootObject = CE56D3662B3C2A670089D1E8 /* Project object */;
}
